
Microsoft Visual Studio Solution File, Format Version 12.00
Project("{2150E333-8FDC-42A3-9474-1A3956D46DE8}") = "Services", "Services", "{FAA36610-6EFD-4E3C-A04C-B7F431C38404}"
EndProject
Project("{2150E333-8FDC-42A3-9474-1A3956D46DE8}") = "Catalog", "Catalog", "{746E92AA-C736-47B3-A7AC-4A84E69D2620}"
EndProject
Project("{FAE04EC0-301F-11D3-BF4B-00C04F79EFBC}") = "Catalog.Api", "src\Services\Catalog.Api\Catalog.Api.csproj", "{AB5EC4EC-4744-4345-83DF-607F03E18469}"
EndProject
Project("{2150E333-8FDC-42A3-9474-1A3956D46DE8}") = "BuildingBlocks", "BuildingBlocks", "{D865009D-CB95-477C-8402-471B02EEF461}"
EndProject
Project("{FAE04EC0-301F-11D3-BF4B-00C04F79EFBC}") = "BuildingBlocks", "src\BuildingBlocks\BuildingBlocks\BuildingBlocks.csproj", "{C2A45748-96D0-456D-A96F-A83630F47881}"
EndProject
Project("{2150E333-8FDC-42A3-9474-1A3956D46DE8}") = "Solution Items", "Solution Items", "{A689A56E-87C2-41C1-8C89-B7FDC014BCC4}"
	ProjectSection(SolutionItems) = preProject
		docker-compose.yml = docker-compose.yml
		.dockerignore = .dockerignore
		docker-compose.override.yml = docker-compose.override.yml
	EndProjectSection
EndProject
Project("{2150E333-8FDC-42A3-9474-1A3956D46DE8}") = "Basket", "Basket", "{D225395D-15BA-493B-8B2D-3D60243904BD}"
EndProject
Project("{FAE04EC0-301F-11D3-BF4B-00C04F79EFBC}") = "Basket.Api", "src\Services\Basket\Basket.Api\Basket.Api.csproj", "{AAF696C9-A6E9-4996-999C-D8A0677B8217}"
EndProject
Project("{2150E333-8FDC-42A3-9474-1A3956D46DE8}") = "Discount", "Discount", "{F12DF499-B16A-4997-BAFC-BC47A8D88A35}"
EndProject
Project("{FAE04EC0-301F-11D3-BF4B-00C04F79EFBC}") = "Discount.Grpc", "src\Services\Discount\Discount.Grpc\Discount.Grpc.csproj", "{CA5DB0CE-6185-42CA-99AC-E91A8E88EA98}"
EndProject
Project("{2150E333-8FDC-42A3-9474-1A3956D46DE8}") = "Ordering", "Ordering", "{9072FEE3-94FA-4EB9-BF85-E1725C7F7FE8}"
EndProject
Project("{FAE04EC0-301F-11D3-BF4B-00C04F79EFBC}") = "Ordering.Api", "src\Services\Ordering\Ordering.Api\Ordering.Api.csproj", "{BB57A0E5-D834-41F0-8217-53EA53E862DA}"
EndProject
Global
	GlobalSection(SolutionConfigurationPlatforms) = preSolution
		Debug|Any CPU = Debug|Any CPU
		Release|Any CPU = Release|Any CPU
	EndGlobalSection
	GlobalSection(ProjectConfigurationPlatforms) = postSolution
		{AB5EC4EC-4744-4345-83DF-607F03E18469}.Debug|Any CPU.ActiveCfg = Debug|Any CPU
		{AB5EC4EC-4744-4345-83DF-607F03E18469}.Debug|Any CPU.Build.0 = Debug|Any CPU
		{AB5EC4EC-4744-4345-83DF-607F03E18469}.Release|Any CPU.ActiveCfg = Release|Any CPU
		{AB5EC4EC-4744-4345-83DF-607F03E18469}.Release|Any CPU.Build.0 = Release|Any CPU
		{C2A45748-96D0-456D-A96F-A83630F47881}.Debug|Any CPU.ActiveCfg = Debug|Any CPU
		{C2A45748-96D0-456D-A96F-A83630F47881}.Debug|Any CPU.Build.0 = Debug|Any CPU
		{C2A45748-96D0-456D-A96F-A83630F47881}.Release|Any CPU.ActiveCfg = Release|Any CPU
		{C2A45748-96D0-456D-A96F-A83630F47881}.Release|Any CPU.Build.0 = Release|Any CPU
		{AAF696C9-A6E9-4996-999C-D8A0677B8217}.Debug|Any CPU.ActiveCfg = Debug|Any CPU
		{AAF696C9-A6E9-4996-999C-D8A0677B8217}.Debug|Any CPU.Build.0 = Debug|Any CPU
		{AAF696C9-A6E9-4996-999C-D8A0677B8217}.Release|Any CPU.ActiveCfg = Release|Any CPU
		{AAF696C9-A6E9-4996-999C-D8A0677B8217}.Release|Any CPU.Build.0 = Release|Any CPU
		{CA5DB0CE-6185-42CA-99AC-E91A8E88EA98}.Debug|Any CPU.ActiveCfg = Debug|Any CPU
		{CA5DB0CE-6185-42CA-99AC-E91A8E88EA98}.Debug|Any CPU.Build.0 = Debug|Any CPU
		{CA5DB0CE-6185-42CA-99AC-E91A8E88EA98}.Release|Any CPU.ActiveCfg = Release|Any CPU
		{CA5DB0CE-6185-42CA-99AC-E91A8E88EA98}.Release|Any CPU.Build.0 = Release|Any CPU
		{BB57A0E5-D834-41F0-8217-53EA53E862DA}.Debug|Any CPU.ActiveCfg = Debug|Any CPU
		{BB57A0E5-D834-41F0-8217-53EA53E862DA}.Debug|Any CPU.Build.0 = Debug|Any CPU
		{BB57A0E5-D834-41F0-8217-53EA53E862DA}.Release|Any CPU.ActiveCfg = Release|Any CPU
		{BB57A0E5-D834-41F0-8217-53EA53E862DA}.Release|Any CPU.Build.0 = Release|Any CPU
	EndGlobalSection
	GlobalSection(NestedProjects) = preSolution
		{746E92AA-C736-47B3-A7AC-4A84E69D2620} = {FAA36610-6EFD-4E3C-A04C-B7F431C38404}
		{AB5EC4EC-4744-4345-83DF-607F03E18469} = {746E92AA-C736-47B3-A7AC-4A84E69D2620}
		{C2A45748-96D0-456D-A96F-A83630F47881} = {D865009D-CB95-477C-8402-471B02EEF461}
		{D225395D-15BA-493B-8B2D-3D60243904BD} = {FAA36610-6EFD-4E3C-A04C-B7F431C38404}
		{AAF696C9-A6E9-4996-999C-D8A0677B8217} = {D225395D-15BA-493B-8B2D-3D60243904BD}
		{F12DF499-B16A-4997-BAFC-BC47A8D88A35} = {FAA36610-6EFD-4E3C-A04C-B7F431C38404}
		{CA5DB0CE-6185-42CA-99AC-E91A8E88EA98} = {F12DF499-B16A-4997-BAFC-BC47A8D88A35}
		{9072FEE3-94FA-4EB9-BF85-E1725C7F7FE8} = {FAA36610-6EFD-4E3C-A04C-B7F431C38404}
		{BB57A0E5-D834-41F0-8217-53EA53E862DA} = {9072FEE3-94FA-4EB9-BF85-E1725C7F7FE8}
	EndGlobalSection
EndGlobal
